
Microsoft Visual Studio Solution File, Format Version 12.00
# Visual Studio Version 17
VisualStudioVersion = 17.0.31903.59
MinimumVisualStudioVersion = 10.0.40219.1
Project("{FAE04EC0-301F-11D3-BF4B-00C04F79EFBC}") = "meudiscord.Api", "meudiscord.Api\meudiscord.Api.csproj", "{E00C4FE4-1F2A-4A83-A037-81D36BBB6BD2}"
EndProject
Project("{FAE04EC0-301F-11D3-BF4B-00C04F79EFBC}") = "meudiscord.Infra", "meudiscord.Infra\meudiscord.Infra.csproj", "{2EEF62C0-8F52-4E46-8019-8EFBCBCA754B}"
EndProject
Project("{FAE04EC0-301F-11D3-BF4B-00C04F79EFBC}") = "meudiscord.Application", "meudiscord.Application\meudiscord.Application.csproj", "{907B83CF-5B7A-48F9-B71A-F4EBD1C95AEC}"
EndProject
Project("{FAE04EC0-301F-11D3-BF4B-00C04F79EFBC}") = "meudiscord.Domain", "meudiscord.Domain\meudiscord.Domain.csproj", "{2146FDBF-67B4-41C9-9F47-AD261CBFA50D}"
EndProject
Project("{FAE04EC0-301F-11D3-BF4B-00C04F79EFBC}") = "meudiscord.Test", "meudiscord.Test\meudiscord.Test.csproj", "{153DF8D6-CC04-4EB3-A911-C392C205DC21}"
EndProject
Global
	GlobalSection(SolutionConfigurationPlatforms) = preSolution
		Debug|Any CPU = Debug|Any CPU
		Release|Any CPU = Release|Any CPU
	EndGlobalSection
	GlobalSection(SolutionProperties) = preSolution
		HideSolutionNode = FALSE
	EndGlobalSection
	GlobalSection(ProjectConfigurationPlatforms) = postSolution
		{E00C4FE4-1F2A-4A83-A037-81D36BBB6BD2}.Debug|Any CPU.ActiveCfg = Debug|Any CPU
		{E00C4FE4-1F2A-4A83-A037-81D36BBB6BD2}.Debug|Any CPU.Build.0 = Debug|Any CPU
		{E00C4FE4-1F2A-4A83-A037-81D36BBB6BD2}.Release|Any CPU.ActiveCfg = Release|Any CPU
		{E00C4FE4-1F2A-4A83-A037-81D36BBB6BD2}.Release|Any CPU.Build.0 = Release|Any CPU
		{2EEF62C0-8F52-4E46-8019-8EFBCBCA754B}.Debug|Any CPU.ActiveCfg = Debug|Any CPU
		{2EEF62C0-8F52-4E46-8019-8EFBCBCA754B}.Debug|Any CPU.Build.0 = Debug|Any CPU
		{2EEF62C0-8F52-4E46-8019-8EFBCBCA754B}.Release|Any CPU.ActiveCfg = Release|Any CPU
		{2EEF62C0-8F52-4E46-8019-8EFBCBCA754B}.Release|Any CPU.Build.0 = Release|Any CPU
		{907B83CF-5B7A-48F9-B71A-F4EBD1C95AEC}.Debug|Any CPU.ActiveCfg = Debug|Any CPU
		{907B83CF-5B7A-48F9-B71A-F4EBD1C95AEC}.Debug|Any CPU.Build.0 = Debug|Any CPU
		{907B83CF-5B7A-48F9-B71A-F4EBD1C95AEC}.Release|Any CPU.ActiveCfg = Release|Any CPU
		{907B83CF-5B7A-48F9-B71A-F4EBD1C95AEC}.Release|Any CPU.Build.0 = Release|Any CPU
		{2146FDBF-67B4-41C9-9F47-AD261CBFA50D}.Debug|Any CPU.ActiveCfg = Debug|Any CPU
		{2146FDBF-67B4-41C9-9F47-AD261CBFA50D}.Debug|Any CPU.Build.0 = Debug|Any CPU
		{2146FDBF-67B4-41C9-9F47-AD261CBFA50D}.Release|Any CPU.ActiveCfg = Release|Any CPU
		{2146FDBF-67B4-41C9-9F47-AD261CBFA50D}.Release|Any CPU.Build.0 = Release|Any CPU
		{153DF8D6-CC04-4EB3-A911-C392C205DC21}.Debug|Any CPU.ActiveCfg = Debug|Any CPU
		{153DF8D6-CC04-4EB3-A911-C392C205DC21}.Debug|Any CPU.Build.0 = Debug|Any CPU
		{153DF8D6-CC04-4EB3-A911-C392C205DC21}.Release|Any CPU.ActiveCfg = Release|Any CPU
		{153DF8D6-CC04-4EB3-A911-C392C205DC21}.Release|Any CPU.Build.0 = Release|Any CPU
	EndGlobalSection
EndGlobal
